
Microsoft Visual Studio Solution File, Format Version 12.00
Project("{FAE04EC0-301F-11D3-BF4B-00C04F79EFBC}") = "CSharpCoach", "CSharpCoach\CSharpCoach.csproj", "{3D7729F8-B8BF-453B-8193-793BE17B21E0}"
EndProject
Project("{FAE04EC0-301F-11D3-BF4B-00C04F79EFBC}") = "ApiClient", "ApiClient\ApiClient.csproj", "{3B82C3FB-AF00-4A91-885D-2207688BBD5E}"
EndProject
Project("{2150E333-8FDC-42A3-9474-1A3956D46DE8}") = "SolutionFolder1", "SolutionFolder1", "{34025A60-EFA1-424F-A664-E4F68D43A063}"
EndProject
Global
	GlobalSection(SolutionConfigurationPlatforms) = preSolution
		Debug|Any CPU = Debug|Any CPU
		Release|Any CPU = Release|Any CPU
	EndGlobalSection
	GlobalSection(ProjectConfigurationPlatforms) = postSolution
		{3D7729F8-B8BF-453B-8193-793BE17B21E0}.Debug|Any CPU.ActiveCfg = Debug|Any CPU
		{3D7729F8-B8BF-453B-8193-793BE17B21E0}.Debug|Any CPU.Build.0 = Debug|Any CPU
		{3D7729F8-B8BF-453B-8193-793BE17B21E0}.Release|Any CPU.ActiveCfg = Release|Any CPU
		{3D7729F8-B8BF-453B-8193-793BE17B21E0}.Release|Any CPU.Build.0 = Release|Any CPU
		{3B82C3FB-AF00-4A91-885D-2207688BBD5E}.Debug|Any CPU.ActiveCfg = Debug|Any CPU
		{3B82C3FB-AF00-4A91-885D-2207688BBD5E}.Debug|Any CPU.Build.0 = Debug|Any CPU
		{3B82C3FB-AF00-4A91-885D-2207688BBD5E}.Release|Any CPU.ActiveCfg = Release|Any CPU
		{3B82C3FB-AF00-4A91-885D-2207688BBD5E}.Release|Any CPU.Build.0 = Release|Any CPU
	EndGlobalSection
EndGlobal
